{
    "name": "node-red-project",
    "version": "0.0.1",
    "lockfileVersion": 1,
    "requires": true,
    "dependencies": {
        "node-red-contrib-bool-gate": {
            "version": "1.0.2",
            "resolved": "https://registry.npmjs.org/node-red-contrib-bool-gate/-/node-red-contrib-bool-gate-1.0.2.tgz",
            "integrity": "sha1-ovkcaxBdT/i0YHAVsU09lYjq0a0="
        },
        "node-red-contrib-credentials": {
            "version": "0.2.1",
            "resolved": "https://registry.npmjs.org/node-red-contrib-credentials/-/node-red-contrib-credentials-0.2.1.tgz",
            "integrity": "sha512-fn82zQ2Tn/tsj/i634s+Oso2hEgMWC61lMU315cfwplURW+UIeZ5+dFCWOPYs4qlI2VUPW5qfzHPHg4OVjV/UQ=="
        },
        "node-red-contrib-simple-gate": {
            "version": "0.3.1",
            "resolved": "https://registry.npmjs.org/node-red-contrib-simple-gate/-/node-red-contrib-simple-gate-0.3.1.tgz",
            "integrity": "sha512-fK7w4CfJqNn1104jdIt4JRQ7pg6ojdt1clK5VaxCz2uDR3LgD2zfKtxsqJndcN733rGQ1D0tJ/L+71M97hJ9bA=="
        },
        "node-red-contrib-throttle": {
            "version": "0.1.6",
            "resolved": "https://registry.npmjs.org/node-red-contrib-throttle/-/node-red-contrib-throttle-0.1.6.tgz",
            "integrity": "sha1-jo/gxEYJViMqkK5y3jy5xCG6hmk="
        }
    }
}
